
Microsoft Visual Studio Solution File, Format Version 12.00
# Visual Studio Version 16
VisualStudioVersion = 16.0.32602.291
MinimumVisualStudioVersion = 10.0.40219.1
Project("{FAE04EC0-301F-11D3-BF4B-00C04F79EFBC}") = "SalesWebMvc", "SalesWebMvc\SalesWebMvc.csproj", "{6694AB3F-AE5E-4344-B5BC-1C75BE98DDB7}"
EndProject
Global
	GlobalSection(SolutionConfigurationPlatforms) = preSolution
		Debug|Any CPU = Debug|Any CPU
		Release|Any CPU = Release|Any CPU
	EndGlobalSection
	GlobalSection(ProjectConfigurationPlatforms) = postSolution
		{6694AB3F-AE5E-4344-B5BC-1C75BE98DDB7}.Debug|Any CPU.ActiveCfg = Debug|Any CPU
		{6694AB3F-AE5E-4344-B5BC-1C75BE98DDB7}.Debug|Any CPU.Build.0 = Debug|Any CPU
		{6694AB3F-AE5E-4344-B5BC-1C75BE98DDB7}.Release|Any CPU.ActiveCfg = Release|Any CPU
		{6694AB3F-AE5E-4344-B5BC-1C75BE98DDB7}.Release|Any CPU.Build.0 = Release|Any CPU
	EndGlobalSection
	GlobalSection(SolutionProperties) = preSolution
		HideSolutionNode = FALSE
	EndGlobalSection
	GlobalSection(ExtensibilityGlobals) = postSolution
		SolutionGuid = {37B6468C-3793-42B7-82CC-C8FF525B1CEC}
	EndGlobalSection
EndGlobal
